PODS:
  - beacons_plugin (0.0.1):
    - Flutter
  - Flutter (1.0.0)
  - flutter_local_notifications (0.0.1):
    - Flutter

DEPENDENCIES:
  - beacons_plugin (from `.symlinks/plugins/beacons_plugin/ios`)
  - Flutter (from `Flutter`)
  - flutter_local_notifications (from `.symlinks/plugins/flutter_local_notifications/ios`)

EXTERNAL SOURCES:
  beacons_plugin:
    :path: ".symlinks/plugins/beacons_plugin/ios"
  Flutter:
    :path: Flutter
  flutter_local_notifications:
    :path: ".symlinks/plugins/flutter_local_notifications/ios"

SPEC CHECKSUMS:
  beacons_plugin: 451bca1eea362d21793d61d58fa26d494cf19718
  Flutter: 434fef37c0980e73bb6479ef766c45957d4b510c
  flutter_local_notifications: 0c0b1ae97e741e1521e4c1629a459d04b9aec743

PODFILE CHECKSUM: aafe91acc616949ddb318b77800a7f51bffa2a4c

COCOAPODS: 1.10.0.rc.1
